
Microsoft Visual Studio Solution File, Format Version 12.00
# Visual Studio 15
VisualStudioVersion = 15.0.26430.13
MinimumVisualStudioVersion = 10.0.40219.1
Project("{FAE04EC0-301F-11D3-BF4B-00C04F79EFBC}") = "PokemonGame.Library.Models", "PokemonGame.Library.Models\PokemonGame.Library.Models.csproj", "{AC343B93-31BA-4254-8767-1C17C62FC941}"
EndProject
Project("{FAE04EC0-301F-11D3-BF4B-00C04F79EFBC}") = "PokemonGame.ConsoleApp", "PokemonGame.Console\PokemonGame.ConsoleApp.csproj", "{734CE41C-6610-4571-9DD6-6A9C0F14925F}"
EndProject
Project("{FAE04EC0-301F-11D3-BF4B-00C04F79EFBC}") = "PokemonGame.Test", "PokemonGame.Test\PokemonGame.Test.csproj", "{07A1C9F9-AC51-4F5A-9808-BF83B8DB59DD}"
EndProject
Project("{2150E333-8FDC-42A3-9474-1A3956D46DE8}") = "Storyline Stuff", "Storyline Stuff", "{9F62D1C7-6C24-49B7-9CE8-EBED54440E6E}"
	ProjectSection(SolutionItems) = preProject
		Background.txt = Background.txt
		Mechanics.txt = Mechanics.txt
	EndProjectSection
EndProject
Project("{FAE04EC0-301F-11D3-BF4B-00C04F79EFBC}") = "PokemonGame.API", "PokemonGame.API\PokemonGame.API.csproj", "{FC68AE2C-D2C3-4E6D-A3C6-81F8F64012CF}"
EndProject
Global
	GlobalSection(SolutionConfigurationPlatforms) = preSolution
		Debug|Any CPU = Debug|Any CPU
		Release|Any CPU = Release|Any CPU
	EndGlobalSection
	GlobalSection(ProjectConfigurationPlatforms) = postSolution
		{AC343B93-31BA-4254-8767-1C17C62FC941}.Debug|Any CPU.ActiveCfg = Debug|Any CPU
		{AC343B93-31BA-4254-8767-1C17C62FC941}.Debug|Any CPU.Build.0 = Debug|Any CPU
		{AC343B93-31BA-4254-8767-1C17C62FC941}.Release|Any CPU.ActiveCfg = Release|Any CPU
		{AC343B93-31BA-4254-8767-1C17C62FC941}.Release|Any CPU.Build.0 = Release|Any CPU
		{734CE41C-6610-4571-9DD6-6A9C0F14925F}.Debug|Any CPU.ActiveCfg = Debug|Any CPU
		{734CE41C-6610-4571-9DD6-6A9C0F14925F}.Debug|Any CPU.Build.0 = Debug|Any CPU
		{734CE41C-6610-4571-9DD6-6A9C0F14925F}.Release|Any CPU.ActiveCfg = Release|Any CPU
		{734CE41C-6610-4571-9DD6-6A9C0F14925F}.Release|Any CPU.Build.0 = Release|Any CPU
		{07A1C9F9-AC51-4F5A-9808-BF83B8DB59DD}.Debug|Any CPU.ActiveCfg = Debug|Any CPU
		{07A1C9F9-AC51-4F5A-9808-BF83B8DB59DD}.Debug|Any CPU.Build.0 = Debug|Any CPU
		{07A1C9F9-AC51-4F5A-9808-BF83B8DB59DD}.Release|Any CPU.ActiveCfg = Release|Any CPU
		{07A1C9F9-AC51-4F5A-9808-BF83B8DB59DD}.Release|Any CPU.Build.0 = Release|Any CPU
		{FC68AE2C-D2C3-4E6D-A3C6-81F8F64012CF}.Debug|Any CPU.ActiveCfg = Debug|Any CPU
		{FC68AE2C-D2C3-4E6D-A3C6-81F8F64012CF}.Debug|Any CPU.Build.0 = Debug|Any CPU
		{FC68AE2C-D2C3-4E6D-A3C6-81F8F64012CF}.Release|Any CPU.ActiveCfg = Release|Any CPU
		{FC68AE2C-D2C3-4E6D-A3C6-81F8F64012CF}.Release|Any CPU.Build.0 = Release|Any CPU
	EndGlobalSection
	GlobalSection(SolutionProperties) = preSolution
		HideSolutionNode = FALSE
	EndGlobalSection
EndGlobal
